
Microsoft Visual Studio Solution File, Format Version 12.00
# Visual Studio Version 16
VisualStudioVersion = 16.0.29418.71
MinimumVisualStudioVersion = 10.0.40219.1
Project("{9A19103F-16F7-4668-BE54-9A1E7A4F7556}") = "SGNWebCore", "SGNWebCore\SGNWebCore.csproj", "{D5B3A0EA-6F62-460F-B6FF-8FB34912BA3D}"
EndProject
Project("{9A19103F-16F7-4668-BE54-9A1E7A4F7556}") = "Domain", "Domain\Domain.csproj", "{EB68C5CE-1F05-47F9-992E-D8CFEBB1FDF1}"
EndProject
Project("{9A19103F-16F7-4668-BE54-9A1E7A4F7556}") = "Data", "Data\Data.csproj", "{E345EE01-DD8E-447B-9800-FA7E97D147C2}"
EndProject
Project("{9A19103F-16F7-4668-BE54-9A1E7A4F7556}") = "DI", "DI\DI.csproj", "{9DF04CEE-DD5F-40DA-87DA-C218D3733A6B}"
EndProject
Project("{FAE04EC0-301F-11D3-BF4B-00C04F79EFBC}") = "SGNWebCore.WebApi", "SGNWebCore.WebApi\SGNWebCore.WebApi.csproj", "{7A2B1DDF-BB35-46E3-AD5A-3C91F76C1009}"
EndProject
Global
	GlobalSection(SolutionConfigurationPlatforms) = preSolution
		Debug|Any CPU = Debug|Any CPU
		Release|Any CPU = Release|Any CPU
	EndGlobalSection
	GlobalSection(ProjectConfigurationPlatforms) = postSolution
		{D5B3A0EA-6F62-460F-B6FF-8FB34912BA3D}.Debug|Any CPU.ActiveCfg = Debug|Any CPU
		{D5B3A0EA-6F62-460F-B6FF-8FB34912BA3D}.Debug|Any CPU.Build.0 = Debug|Any CPU
		{D5B3A0EA-6F62-460F-B6FF-8FB34912BA3D}.Release|Any CPU.ActiveCfg = Release|Any CPU
		{D5B3A0EA-6F62-460F-B6FF-8FB34912BA3D}.Release|Any CPU.Build.0 = Release|Any CPU
		{EB68C5CE-1F05-47F9-992E-D8CFEBB1FDF1}.Debug|Any CPU.ActiveCfg = Debug|Any CPU
		{EB68C5CE-1F05-47F9-992E-D8CFEBB1FDF1}.Debug|Any CPU.Build.0 = Debug|Any CPU
		{EB68C5CE-1F05-47F9-992E-D8CFEBB1FDF1}.Release|Any CPU.ActiveCfg = Release|Any CPU
		{EB68C5CE-1F05-47F9-992E-D8CFEBB1FDF1}.Release|Any CPU.Build.0 = Release|Any CPU
		{E345EE01-DD8E-447B-9800-FA7E97D147C2}.Debug|Any CPU.ActiveCfg = Debug|Any CPU
		{E345EE01-DD8E-447B-9800-FA7E97D147C2}.Debug|Any CPU.Build.0 = Debug|Any CPU
		{E345EE01-DD8E-447B-9800-FA7E97D147C2}.Release|Any CPU.ActiveCfg = Release|Any CPU
		{E345EE01-DD8E-447B-9800-FA7E97D147C2}.Release|Any CPU.Build.0 = Release|Any CPU
		{9DF04CEE-DD5F-40DA-87DA-C218D3733A6B}.Debug|Any CPU.ActiveCfg = Debug|Any CPU
		{9DF04CEE-DD5F-40DA-87DA-C218D3733A6B}.Debug|Any CPU.Build.0 = Debug|Any CPU
		{9DF04CEE-DD5F-40DA-87DA-C218D3733A6B}.Release|Any CPU.ActiveCfg = Release|Any CPU
		{9DF04CEE-DD5F-40DA-87DA-C218D3733A6B}.Release|Any CPU.Build.0 = Release|Any CPU
		{7A2B1DDF-BB35-46E3-AD5A-3C91F76C1009}.Debug|Any CPU.ActiveCfg = Debug|Any CPU
		{7A2B1DDF-BB35-46E3-AD5A-3C91F76C1009}.Debug|Any CPU.Build.0 = Debug|Any CPU
		{7A2B1DDF-BB35-46E3-AD5A-3C91F76C1009}.Release|Any CPU.ActiveCfg = Release|Any CPU
		{7A2B1DDF-BB35-46E3-AD5A-3C91F76C1009}.Release|Any CPU.Build.0 = Release|Any CPU
	EndGlobalSection
	GlobalSection(SolutionProperties) = preSolution
		HideSolutionNode = FALSE
	EndGlobalSection
	GlobalSection(ExtensibilityGlobals) = postSolution
		SolutionGuid = {B5E6512F-AF73-4E26-B242-31A76D006D71}
	EndGlobalSection
EndGlobal
